
Microsoft Visual Studio Solution File, Format Version 12.00
# Visual Studio Version 17
VisualStudioVersion = 17.13.35919.96
MinimumVisualStudioVersion = 10.0.40219.1
Project("{FAE04EC0-301F-11D3-BF4B-00C04F79EFBC}") = "MeetingEventsAPI", "MeetingEventsAPI\MeetingEventsAPI.csproj", "{AE5CCC73-5910-4FD1-8443-039F09D21C9F}"
EndProject
Project("{FAE04EC0-301F-11D3-BF4B-00C04F79EFBC}") = "Infrastructure", "Infrastructure\Infrastructure.csproj", "{EAEA5580-4053-4729-BCBE-1FE365382276}"
EndProject
Project("{FAE04EC0-301F-11D3-BF4B-00C04F79EFBC}") = "Domain", "Domain\Domain.csproj", "{ED1BDEB7-25DC-4D11-B289-EE03A5E1D807}"
EndProject
Project("{FAE04EC0-301F-11D3-BF4B-00C04F79EFBC}") = "Application", "Application\Application.csproj", "{01A288BA-3B37-43EF-8E85-BC490A5DC154}"
EndProject
Project("{FAE04EC0-301F-11D3-BF4B-00C04F79EFBC}") = "Ui", "Ui\Ui.csproj", "{2C0D35A2-4578-4719-B152-E7AD883F1F2E}"
EndProject
Global
	GlobalSection(SolutionConfigurationPlatforms) = preSolution
		Debug|Any CPU = Debug|Any CPU
		Release|Any CPU = Release|Any CPU
	EndGlobalSection
	GlobalSection(ProjectConfigurationPlatforms) = postSolution
		{AE5CCC73-5910-4FD1-8443-039F09D21C9F}.Debug|Any CPU.ActiveCfg = Debug|Any CPU
		{AE5CCC73-5910-4FD1-8443-039F09D21C9F}.Debug|Any CPU.Build.0 = Debug|Any CPU
		{AE5CCC73-5910-4FD1-8443-039F09D21C9F}.Release|Any CPU.ActiveCfg = Release|Any CPU
		{AE5CCC73-5910-4FD1-8443-039F09D21C9F}.Release|Any CPU.Build.0 = Release|Any CPU
		{EAEA5580-4053-4729-BCBE-1FE365382276}.Debug|Any CPU.ActiveCfg = Debug|Any CPU
		{EAEA5580-4053-4729-BCBE-1FE365382276}.Debug|Any CPU.Build.0 = Debug|Any CPU
		{EAEA5580-4053-4729-BCBE-1FE365382276}.Release|Any CPU.ActiveCfg = Release|Any CPU
		{EAEA5580-4053-4729-BCBE-1FE365382276}.Release|Any CPU.Build.0 = Release|Any CPU
		{ED1BDEB7-25DC-4D11-B289-EE03A5E1D807}.Debug|Any CPU.ActiveCfg = Debug|Any CPU
		{ED1BDEB7-25DC-4D11-B289-EE03A5E1D807}.Debug|Any CPU.Build.0 = Debug|Any CPU
		{ED1BDEB7-25DC-4D11-B289-EE03A5E1D807}.Release|Any CPU.ActiveCfg = Release|Any CPU
		{ED1BDEB7-25DC-4D11-B289-EE03A5E1D807}.Release|Any CPU.Build.0 = Release|Any CPU
		{01A288BA-3B37-43EF-8E85-BC490A5DC154}.Debug|Any CPU.ActiveCfg = Debug|Any CPU
		{01A288BA-3B37-43EF-8E85-BC490A5DC154}.Debug|Any CPU.Build.0 = Debug|Any CPU
		{01A288BA-3B37-43EF-8E85-BC490A5DC154}.Release|Any CPU.ActiveCfg = Release|Any CPU
		{01A288BA-3B37-43EF-8E85-BC490A5DC154}.Release|Any CPU.Build.0 = Release|Any CPU
		{2C0D35A2-4578-4719-B152-E7AD883F1F2E}.Debug|Any CPU.ActiveCfg = Debug|Any CPU
		{2C0D35A2-4578-4719-B152-E7AD883F1F2E}.Debug|Any CPU.Build.0 = Debug|Any CPU
		{2C0D35A2-4578-4719-B152-E7AD883F1F2E}.Release|Any CPU.ActiveCfg = Release|Any CPU
		{2C0D35A2-4578-4719-B152-E7AD883F1F2E}.Release|Any CPU.Build.0 = Release|Any CPU
	EndGlobalSection
	GlobalSection(SolutionProperties) = preSolution
		HideSolutionNode = FALSE
	EndGlobalSection
	GlobalSection(ExtensibilityGlobals) = postSolution
		SolutionGuid = {1CC21081-C6BD-4103-81AA-68D8BDA53A02}
	EndGlobalSection
EndGlobal
